
Microsoft Visual Studio Solution File, Format Version 12.00
# Visual Studio 15
VisualStudioVersion = 15.0.28307.168
MinimumVisualStudioVersion = 10.0.40219.1
Project("{FAE04EC0-301F-11D3-BF4B-00C04F79EFBC}") = "Kernel", "Kernel.csproj", "{2DDFAEEE-17BA-4E0E-AAFF-969033B5EEFD}"
EndProject
Global
	GlobalSection(SolutionConfigurationPlatforms) = preSolution
		Debug|Any CPU = Debug|Any CPU
		Release|Any CPU = Release|Any CPU
	EndGlobalSection
	GlobalSection(ProjectConfigurationPlatforms) = postSolution
		{2DDFAEEE-17BA-4E0E-AAFF-969033B5EEFD}.Debug|Any CPU.ActiveCfg = Debug|Any CPU
		{2DDFAEEE-17BA-4E0E-AAFF-969033B5EEFD}.Debug|Any CPU.Build.0 = Debug|Any CPU
		{2DDFAEEE-17BA-4E0E-AAFF-969033B5EEFD}.Release|Any CPU.ActiveCfg = Release|Any CPU
		{2DDFAEEE-17BA-4E0E-AAFF-969033B5EEFD}.Release|Any CPU.Build.0 = Release|Any CPU
	EndGlobalSection
	GlobalSection(SolutionProperties) = preSolution
		HideSolutionNode = FALSE
	EndGlobalSection
	GlobalSection(ExtensibilityGlobals) = postSolution
		SolutionGuid = {62494E17-DDD5-4AAE-89FC-27F3F2C4477C}
	EndGlobalSection
EndGlobal
